
Microsoft Visual Studio Solution File, Format Version 12.00
# Visual Studio Version 16
VisualStudioVersion = 16.0.30011.22
MinimumVisualStudioVersion = 10.0.40219.1
Project("{FAE04EC0-301F-11D3-BF4B-00C04F79EFBC}") = "MyFirstApp.UWP", "MyFirstApp\MyFirstApp.UWP\MyFirstApp.UWP.csproj", "{9ED912CB-E3B4-4DBA-8068-9D6BDB49847C}"
EndProject
Project("{FAE04EC0-301F-11D3-BF4B-00C04F79EFBC}") = "MyFirstApp.Android", "MyFirstApp\MyFirstApp.Android\MyFirstApp.Android.csproj", "{6D0E71B9-2B9B-443F-B35D-9FB3930012D1}"
EndProject
Project("{FAE04EC0-301F-11D3-BF4B-00C04F79EFBC}") = "MyFirstApp.iOS", "MyFirstApp\MyFirstApp.iOS\MyFirstApp.iOS.csproj", "{1B28BC0D-BD8F-4796-BF3B-349B4CF0AA3C}"
EndProject
Project("{FAE04EC0-301F-11D3-BF4B-00C04F79EFBC}") = "MyFirstApp", "MyFirstApp\MyFirstApp\MyFirstApp.csproj", "{BE735AE6-C09A-44F5-88E7-B1D274CDA8C8}"
EndProject
Global
	GlobalSection(SolutionConfigurationPlatforms) = preSolution
		Debug|Any CPU = Debug|Any CPU
		Debug|ARM = Debug|ARM
		Debug|iPhone = Debug|iPhone
		Debug|iPhoneSimulator = Debug|iPhoneSimulator
		Debug|x64 = Debug|x64
		Debug|x86 = Debug|x86
		Release|Any CPU = Release|Any CPU
		Release|ARM = Release|ARM
		Release|iPhone = Release|iPhone
		Release|iPhoneSimulator = Release|iPhoneSimulator
		Release|x64 = Release|x64
		Release|x86 = Release|x86
	EndGlobalSection
	GlobalSection(ProjectConfigurationPlatforms) = postSolution
		{9ED912CB-E3B4-4DBA-8068-9D6BDB49847C}.Debug|Any CPU.ActiveCfg = Debug|x86
		{9ED912CB-E3B4-4DBA-8068-9D6BDB49847C}.Debug|Any CPU.Build.0 = Debug|x86
		{9ED912CB-E3B4-4DBA-8068-9D6BDB49847C}.Debug|Any CPU.Deploy.0 = Debug|x86
		{9ED912CB-E3B4-4DBA-8068-9D6BDB49847C}.Debug|ARM.ActiveCfg = Debug|ARM
		{9ED912CB-E3B4-4DBA-8068-9D6BDB49847C}.Debug|ARM.Build.0 = Debug|ARM
		{9ED912CB-E3B4-4DBA-8068-9D6BDB49847C}.Debug|ARM.Deploy.0 = Debug|ARM
		{9ED912CB-E3B4-4DBA-8068-9D6BDB49847C}.Debug|iPhone.ActiveCfg = Debug|x86
		{9ED912CB-E3B4-4DBA-8068-9D6BDB49847C}.Debug|iPhone.Build.0 = Debug|x86
		{9ED912CB-E3B4-4DBA-8068-9D6BDB49847C}.Debug|iPhone.Deploy.0 = Debug|x86
		{9ED912CB-E3B4-4DBA-8068-9D6BDB49847C}.Debug|iPhoneSimulator.ActiveCfg = Debug|x86
		{9ED912CB-E3B4-4DBA-8068-9D6BDB49847C}.Debug|iPhoneSimulator.Build.0 = Debug|x86
		{9ED912CB-E3B4-4DBA-8068-9D6BDB49847C}.Debug|iPhoneSimulator.Deploy.0 = Debug|x86
		{9ED912CB-E3B4-4DBA-8068-9D6BDB49847C}.Debug|x64.ActiveCfg = Debug|x64
		{9ED912CB-E3B4-4DBA-8068-9D6BDB49847C}.Debug|x64.Build.0 = Debug|x64
		{9ED912CB-E3B4-4DBA-8068-9D6BDB49847C}.Debug|x64.Deploy.0 = Debug|x64
		{9ED912CB-E3B4-4DBA-8068-9D6BDB49847C}.Debug|x86.ActiveCfg = Debug|x86
		{9ED912CB-E3B4-4DBA-8068-9D6BDB49847C}.Debug|x86.Build.0 = Debug|x86
		{9ED912CB-E3B4-4DBA-8068-9D6BDB49847C}.Debug|x86.Deploy.0 = Debug|x86
		{9ED912CB-E3B4-4DBA-8068-9D6BDB49847C}.Release|Any CPU.ActiveCfg = Release|x86
		{9ED912CB-E3B4-4DBA-8068-9D6BDB49847C}.Release|Any CPU.Build.0 = Release|x86
		{9ED912CB-E3B4-4DBA-8068-9D6BDB49847C}.Release|Any CPU.Deploy.0 = Release|x86
		{9ED912CB-E3B4-4DBA-8068-9D6BDB49847C}.Release|ARM.ActiveCfg = Release|ARM
		{9ED912CB-E3B4-4DBA-8068-9D6BDB49847C}.Release|ARM.Build.0 = Release|ARM
		{9ED912CB-E3B4-4DBA-8068-9D6BDB49847C}.Release|ARM.Deploy.0 = Release|ARM
		{9ED912CB-E3B4-4DBA-8068-9D6BDB49847C}.Release|iPhone.ActiveCfg = Release|x86
		{9ED912CB-E3B4-4DBA-8068-9D6BDB49847C}.Release|iPhone.Build.0 = Release|x86
		{9ED912CB-E3B4-4DBA-8068-9D6BDB49847C}.Release|iPhone.Deploy.0 = Release|x86
		{9ED912CB-E3B4-4DBA-8068-9D6BDB49847C}.Release|iPhoneSimulator.ActiveCfg = Release|x86
		{9ED912CB-E3B4-4DBA-8068-9D6BDB49847C}.Release|iPhoneSimulator.Build.0 = Release|x86
		{9ED912CB-E3B4-4DBA-8068-9D6BDB49847C}.Release|iPhoneSimulator.Deploy.0 = Release|x86
		{9ED912CB-E3B4-4DBA-8068-9D6BDB49847C}.Release|x64.ActiveCfg = Release|x64
		{9ED912CB-E3B4-4DBA-8068-9D6BDB49847C}.Release|x64.Build.0 = Release|x64
		{9ED912CB-E3B4-4DBA-8068-9D6BDB49847C}.Release|x64.Deploy.0 = Release|x64
		{9ED912CB-E3B4-4DBA-8068-9D6BDB49847C}.Release|x86.ActiveCfg = Release|x86
		{9ED912CB-E3B4-4DBA-8068-9D6BDB49847C}.Release|x86.Build.0 = Release|x86
		{9ED912CB-E3B4-4DBA-8068-9D6BDB49847C}.Release|x86.Deploy.0 = Release|x86
		{6D0E71B9-2B9B-443F-B35D-9FB3930012D1}.Debug|Any CPU.ActiveCfg = Debug|Any CPU
		{6D0E71B9-2B9B-443F-B35D-9FB3930012D1}.Debug|Any CPU.Build.0 = Debug|Any CPU
		{6D0E71B9-2B9B-443F-B35D-9FB3930012D1}.Debug|Any CPU.Deploy.0 = Debug|Any CPU
		{6D0E71B9-2B9B-443F-B35D-9FB3930012D1}.Debug|ARM.ActiveCfg = Debug|Any CPU
		{6D0E71B9-2B9B-443F-B35D-9FB3930012D1}.Debug|ARM.Build.0 = Debug|Any CPU
		{6D0E71B9-2B9B-443F-B35D-9FB3930012D1}.Debug|ARM.Deploy.0 = Debug|Any CPU
		{6D0E71B9-2B9B-443F-B35D-9FB3930012D1}.Debug|iPhone.ActiveCfg = Debug|Any CPU
		{6D0E71B9-2B9B-443F-B35D-9FB3930012D1}.Debug|iPhone.Build.0 = Debug|Any CPU
		{6D0E71B9-2B9B-443F-B35D-9FB3930012D1}.Debug|iPhone.Deploy.0 = Debug|Any CPU
		{6D0E71B9-2B9B-443F-B35D-9FB3930012D1}.Debug|iPhoneSimulator.ActiveCfg = Debug|Any CPU
		{6D0E71B9-2B9B-443F-B35D-9FB3930012D1}.Debug|iPhoneSimulator.Build.0 = Debug|Any CPU
		{6D0E71B9-2B9B-443F-B35D-9FB3930012D1}.Debug|iPhoneSimulator.Deploy.0 = Debug|Any CPU
		{6D0E71B9-2B9B-443F-B35D-9FB3930012D1}.Debug|x64.ActiveCfg = Debug|Any CPU
		{6D0E71B9-2B9B-443F-B35D-9FB3930012D1}.Debug|x64.Build.0 = Debug|Any CPU
		{6D0E71B9-2B9B-443F-B35D-9FB3930012D1}.Debug|x64.Deploy.0 = Debug|Any CPU
		{6D0E71B9-2B9B-443F-B35D-9FB3930012D1}.Debug|x86.ActiveCfg = Debug|Any CPU
		{6D0E71B9-2B9B-443F-B35D-9FB3930012D1}.Debug|x86.Build.0 = Debug|Any CPU
		{6D0E71B9-2B9B-443F-B35D-9FB3930012D1}.Debug|x86.Deploy.0 = Debug|Any CPU
		{6D0E71B9-2B9B-443F-B35D-9FB3930012D1}.Release|Any CPU.ActiveCfg = Release|Any CPU
		{6D0E71B9-2B9B-443F-B35D-9FB3930012D1}.Release|Any CPU.Build.0 = Release|Any CPU
		{6D0E71B9-2B9B-443F-B35D-9FB3930012D1}.Release|Any CPU.Deploy.0 = Release|Any CPU
		{6D0E71B9-2B9B-443F-B35D-9FB3930012D1}.Release|ARM.ActiveCfg = Release|Any CPU
		{6D0E71B9-2B9B-443F-B35D-9FB3930012D1}.Release|ARM.Build.0 = Release|Any CPU
		{6D0E71B9-2B9B-443F-B35D-9FB3930012D1}.Release|ARM.Deploy.0 = Release|Any CPU
		{6D0E71B9-2B9B-443F-B35D-9FB3930012D1}.Release|iPhone.ActiveCfg = Release|Any CPU
		{6D0E71B9-2B9B-443F-B35D-9FB3930012D1}.Release|iPhone.Build.0 = Release|Any CPU
		{6D0E71B9-2B9B-443F-B35D-9FB3930012D1}.Release|iPhone.Deploy.0 = Release|Any CPU
		{6D0E71B9-2B9B-443F-B35D-9FB3930012D1}.Release|iPhoneSimulator.ActiveCfg = Release|Any CPU
		{6D0E71B9-2B9B-443F-B35D-9FB3930012D1}.Release|iPhoneSimulator.Build.0 = Release|Any CPU
		{6D0E71B9-2B9B-443F-B35D-9FB3930012D1}.Release|iPhoneSimulator.Deploy.0 = Release|Any CPU
		{6D0E71B9-2B9B-443F-B35D-9FB3930012D1}.Release|x64.ActiveCfg = Release|Any CPU
		{6D0E71B9-2B9B-443F-B35D-9FB3930012D1}.Release|x64.Build.0 = Release|Any CPU
		{6D0E71B9-2B9B-443F-B35D-9FB3930012D1}.Release|x64.Deploy.0 = Release|Any CPU
		{6D0E71B9-2B9B-443F-B35D-9FB3930012D1}.Release|x86.ActiveCfg = Release|Any CPU
		{6D0E71B9-2B9B-443F-B35D-9FB3930012D1}.Release|x86.Build.0 = Release|Any CPU
		{6D0E71B9-2B9B-443F-B35D-9FB3930012D1}.Release|x86.Deploy.0 = Release|Any CPU
		{1B28BC0D-BD8F-4796-BF3B-349B4CF0AA3C}.Debug|Any CPU.ActiveCfg = Debug|iPhone
		{1B28BC0D-BD8F-4796-BF3B-349B4CF0AA3C}.Debug|Any CPU.Build.0 = Debug|iPhone
		{1B28BC0D-BD8F-4796-BF3B-349B4CF0AA3C}.Debug|Any CPU.Deploy.0 = Debug|iPhone
		{1B28BC0D-BD8F-4796-BF3B-349B4CF0AA3C}.Debug|ARM.ActiveCfg = Debug|iPhone
		{1B28BC0D-BD8F-4796-BF3B-349B4CF0AA3C}.Debug|ARM.Build.0 = Debug|iPhone
		{1B28BC0D-BD8F-4796-BF3B-349B4CF0AA3C}.Debug|ARM.Deploy.0 = Debug|iPhone
		{1B28BC0D-BD8F-4796-BF3B-349B4CF0AA3C}.Debug|iPhone.ActiveCfg = Debug|iPhone
		{1B28BC0D-BD8F-4796-BF3B-349B4CF0AA3C}.Debug|iPhone.Build.0 = Debug|iPhone
		{1B28BC0D-BD8F-4796-BF3B-349B4CF0AA3C}.Debug|iPhone.Deploy.0 = Debug|iPhone
		{1B28BC0D-BD8F-4796-BF3B-349B4CF0AA3C}.Debug|iPhoneSimulator.ActiveCfg = Debug|iPhoneSimulator
		{1B28BC0D-BD8F-4796-BF3B-349B4CF0AA3C}.Debug|iPhoneSimulator.Build.0 = Debug|iPhoneSimulator
		{1B28BC0D-BD8F-4796-BF3B-349B4CF0AA3C}.Debug|iPhoneSimulator.Deploy.0 = Debug|iPhoneSimulator
		{1B28BC0D-BD8F-4796-BF3B-349B4CF0AA3C}.Debug|x64.ActiveCfg = Debug|iPhone
		{1B28BC0D-BD8F-4796-BF3B-349B4CF0AA3C}.Debug|x64.Build.0 = Debug|iPhone
		{1B28BC0D-BD8F-4796-BF3B-349B4CF0AA3C}.Debug|x64.Deploy.0 = Debug|iPhone
		{1B28BC0D-BD8F-4796-BF3B-349B4CF0AA3C}.Debug|x86.ActiveCfg = Debug|iPhone
		{1B28BC0D-BD8F-4796-BF3B-349B4CF0AA3C}.Debug|x86.Build.0 = Debug|iPhone
		{1B28BC0D-BD8F-4796-BF3B-349B4CF0AA3C}.Debug|x86.Deploy.0 = Debug|iPhone
		{1B28BC0D-BD8F-4796-BF3B-349B4CF0AA3C}.Release|Any CPU.ActiveCfg = Release|iPhone
		{1B28BC0D-BD8F-4796-BF3B-349B4CF0AA3C}.Release|Any CPU.Build.0 = Release|iPhone
		{1B28BC0D-BD8F-4796-BF3B-349B4CF0AA3C}.Release|Any CPU.Deploy.0 = Release|iPhone
		{1B28BC0D-BD8F-4796-BF3B-349B4CF0AA3C}.Release|ARM.ActiveCfg = Release|iPhone
		{1B28BC0D-BD8F-4796-BF3B-349B4CF0AA3C}.Release|ARM.Build.0 = Release|iPhone
		{1B28BC0D-BD8F-4796-BF3B-349B4CF0AA3C}.Release|ARM.Deploy.0 = Release|iPhone
		{1B28BC0D-BD8F-4796-BF3B-349B4CF0AA3C}.Release|iPhone.ActiveCfg = Release|iPhone
		{1B28BC0D-BD8F-4796-BF3B-349B4CF0AA3C}.Release|iPhone.Build.0 = Release|iPhone
		{1B28BC0D-BD8F-4796-BF3B-349B4CF0AA3C}.Release|iPhone.Deploy.0 = Release|iPhone
		{1B28BC0D-BD8F-4796-BF3B-349B4CF0AA3C}.Release|iPhoneSimulator.ActiveCfg = Release|iPhoneSimulator
		{1B28BC0D-BD8F-4796-BF3B-349B4CF0AA3C}.Release|iPhoneSimulator.Build.0 = Release|iPhoneSimulator
		{1B28BC0D-BD8F-4796-BF3B-349B4CF0AA3C}.Release|iPhoneSimulator.Deploy.0 = Release|iPhoneSimulator
		{1B28BC0D-BD8F-4796-BF3B-349B4CF0AA3C}.Release|x64.ActiveCfg = Release|iPhone
		{1B28BC0D-BD8F-4796-BF3B-349B4CF0AA3C}.Release|x64.Build.0 = Release|iPhone
		{1B28BC0D-BD8F-4796-BF3B-349B4CF0AA3C}.Release|x64.Deploy.0 = Release|iPhone
		{1B28BC0D-BD8F-4796-BF3B-349B4CF0AA3C}.Release|x86.ActiveCfg = Release|iPhone
		{1B28BC0D-BD8F-4796-BF3B-349B4CF0AA3C}.Release|x86.Build.0 = Release|iPhone
		{1B28BC0D-BD8F-4796-BF3B-349B4CF0AA3C}.Release|x86.Deploy.0 = Release|iPhone
		{BE735AE6-C09A-44F5-88E7-B1D274CDA8C8}.Debug|Any CPU.ActiveCfg = Debug|Any CPU
		{BE735AE6-C09A-44F5-88E7-B1D274CDA8C8}.Debug|Any CPU.Build.0 = Debug|Any CPU
		{BE735AE6-C09A-44F5-88E7-B1D274CDA8C8}.Debug|Any CPU.Deploy.0 = Debug|Any CPU
		{BE735AE6-C09A-44F5-88E7-B1D274CDA8C8}.Debug|ARM.ActiveCfg = Debug|Any CPU
		{BE735AE6-C09A-44F5-88E7-B1D274CDA8C8}.Debug|ARM.Build.0 = Debug|Any CPU
		{BE735AE6-C09A-44F5-88E7-B1D274CDA8C8}.Debug|ARM.Deploy.0 = Debug|Any CPU
		{BE735AE6-C09A-44F5-88E7-B1D274CDA8C8}.Debug|iPhone.ActiveCfg = Debug|Any CPU
		{BE735AE6-C09A-44F5-88E7-B1D274CDA8C8}.Debug|iPhone.Build.0 = Debug|Any CPU
		{BE735AE6-C09A-44F5-88E7-B1D274CDA8C8}.Debug|iPhone.Deploy.0 = Debug|Any CPU
		{BE735AE6-C09A-44F5-88E7-B1D274CDA8C8}.Debug|iPhoneSimulator.ActiveCfg = Debug|Any CPU
		{BE735AE6-C09A-44F5-88E7-B1D274CDA8C8}.Debug|iPhoneSimulator.Build.0 = Debug|Any CPU
		{BE735AE6-C09A-44F5-88E7-B1D274CDA8C8}.Debug|iPhoneSimulator.Deploy.0 = Debug|Any CPU
		{BE735AE6-C09A-44F5-88E7-B1D274CDA8C8}.Debug|x64.ActiveCfg = Debug|Any CPU
		{BE735AE6-C09A-44F5-88E7-B1D274CDA8C8}.Debug|x64.Build.0 = Debug|Any CPU
		{BE735AE6-C09A-44F5-88E7-B1D274CDA8C8}.Debug|x64.Deploy.0 = Debug|Any CPU
		{BE735AE6-C09A-44F5-88E7-B1D274CDA8C8}.Debug|x86.ActiveCfg = Debug|Any CPU
		{BE735AE6-C09A-44F5-88E7-B1D274CDA8C8}.Debug|x86.Build.0 = Debug|Any CPU
		{BE735AE6-C09A-44F5-88E7-B1D274CDA8C8}.Debug|x86.Deploy.0 = Debug|Any CPU
		{BE735AE6-C09A-44F5-88E7-B1D274CDA8C8}.Release|Any CPU.ActiveCfg = Release|Any CPU
		{BE735AE6-C09A-44F5-88E7-B1D274CDA8C8}.Release|Any CPU.Build.0 = Release|Any CPU
		{BE735AE6-C09A-44F5-88E7-B1D274CDA8C8}.Release|Any CPU.Deploy.0 = Release|Any CPU
		{BE735AE6-C09A-44F5-88E7-B1D274CDA8C8}.Release|ARM.ActiveCfg = Release|Any CPU
		{BE735AE6-C09A-44F5-88E7-B1D274CDA8C8}.Release|ARM.Build.0 = Release|Any CPU
		{BE735AE6-C09A-44F5-88E7-B1D274CDA8C8}.Release|ARM.Deploy.0 = Release|Any CPU
		{BE735AE6-C09A-44F5-88E7-B1D274CDA8C8}.Release|iPhone.ActiveCfg = Release|Any CPU
		{BE735AE6-C09A-44F5-88E7-B1D274CDA8C8}.Release|iPhone.Build.0 = Release|Any CPU
		{BE735AE6-C09A-44F5-88E7-B1D274CDA8C8}.Release|iPhone.Deploy.0 = Release|Any CPU
		{BE735AE6-C09A-44F5-88E7-B1D274CDA8C8}.Release|iPhoneSimulator.ActiveCfg = Release|Any CPU
		{BE735AE6-C09A-44F5-88E7-B1D274CDA8C8}.Release|iPhoneSimulator.Build.0 = Release|Any CPU
		{BE735AE6-C09A-44F5-88E7-B1D274CDA8C8}.Release|iPhoneSimulator.Deploy.0 = Release|Any CPU
		{BE735AE6-C09A-44F5-88E7-B1D274CDA8C8}.Release|x64.ActiveCfg = Release|Any CPU
		{BE735AE6-C09A-44F5-88E7-B1D274CDA8C8}.Release|x64.Build.0 = Release|Any CPU
		{BE735AE6-C09A-44F5-88E7-B1D274CDA8C8}.Release|x64.Deploy.0 = Release|Any CPU
		{BE735AE6-C09A-44F5-88E7-B1D274CDA8C8}.Release|x86.ActiveCfg = Release|Any CPU
		{BE735AE6-C09A-44F5-88E7-B1D274CDA8C8}.Release|x86.Build.0 = Release|Any CPU
		{BE735AE6-C09A-44F5-88E7-B1D274CDA8C8}.Release|x86.Deploy.0 = Release|Any CPU
	EndGlobalSection
	GlobalSection(SolutionProperties) = preSolution
		HideSolutionNode = FALSE
	EndGlobalSection
	GlobalSection(ExtensibilityGlobals) = postSolution
		SolutionGuid = {2F94DDC8-4ECF-43CE-ABAA-D7EA167DF63C}
	EndGlobalSection
EndGlobal
